submission_revision=v2-four-channel
template_repository=https://github.com/TinyTapeout/ttsky-analog-template.git
template_commit=fdd487cb8e3003b40496f0f143ff3bf650f78e48
action_repository=https://github.com/TinyTapeout/tt-gds-action.git
action_ref=ttsky26c
action_commit=30d38a7dfc6fda561d452b196fc822af0332ec23
support_tools_repository=https://github.com/TinyTapeout/tt-support-tools.git
support_tools_commit=d65690eeb1d4afd26aef795c805a23d9d9daf9d1
sky130_precheck_pdk_commit=0536d02d875c8f67dd7cca3902ac457e62f20005
magic_version=8.3.676
klayout_precheck_version=0.30.8
ngspice_version=46
sky130_primitive_model_commit=f62031a1be9aefe902d6d54cddd6f59b57627436
def_file=build/v2/tt_analog_2x2.def
def_sha256=c9bf60e875dc86e730424e7af724878977aec59586832a9b8fc937c2cd65c86f
die_width_um=334.88
die_height_um=225.76
analog_pin_count=6
uses_vapwr=false
candidate_gds_file=build/v2/control_routing/direct/v2_control_quadrature_routed.gds
candidate_gds_top=v2_control_quadrature_routed
candidate_gds_sha256=90b51a5f37fd114a8cb24afec32ba1c5364b64f15865f19fe738caa7cb8a994a
submission_gds_file=gds/tt_um_jjassonn69_beamformer.gds
submission_gds_top=tt_um_jjassonn69_beamformer
submission_gds_sha256=c0fe0aa6cf1fa9999c8c8e4a9804f367e8dca4371757e5e9c62f4d6e8ba6d1f2
submission_lef_file=lef/tt_um_jjassonn69_beamformer.lef
submission_lef_sha256=8e2af16c69851e916af08d2ba211a26840798296ddeea5f4110819ab8fbad15b
info_yaml_sha256=b92508ef770775fe97f03c075b66ea8a1b5fbc1e770c2b337cb7425da1c8ac44
project_verilog_sha256=3f160a1a3a6ed43a13c1744204b70ce9c8f72ab1f38ce91e01529087521287ac
distributed_rc_netlist_sha256=4a29c4ecaa4178528c68c9427785236a283171d3cecc1399cf137483c035736a
nominal_rc_summary_sha256=a69748af7f7d6b37f5de9e55ace514bff68b7a53ee6806707e5577281df63784
validation_evidence_file=v2/evidence/latest_validation.json
validation_evidence_sha256=fe4fd05c49bb6e3372456cc6669f421a1573c51f8dd5efb1fc02dfbecbca9e05
magic_signoff_drc_count=0
magic_gds_writer_feedback_count=0
official_tinytapeout_run=pending_for_current_hash
