template_repository=https://github.com/TinyTapeout/ttsky-analog-template.git
template_commit=fdd487cb8e3003b40496f0f143ff3bf650f78e48
action_repository=https://github.com/TinyTapeout/tt-gds-action.git
action_ref=ttsky26c
action_commit=30d38a7dfc6fda561d452b196fc822af0332ec23
support_tools_repository=https://github.com/TinyTapeout/tt-support-tools.git
support_tools_commit=d65690eeb1d4afd26aef795c805a23d9d9daf9d1
sky130_precheck_pdk_commit=0536d02d875c8f67dd7cca3902ac457e62f20005
magic_version=8.3.676
klayout_precheck_version=0.30.8
ngspice_version=46
sky130_primitive_model_commit=f62031a1be9aefe902d6d54cddd6f59b57627436
def_file=tt_analog_1x2.def
def_sha256=042803101760925474f602e69119f497922eb912c37a6651bed030164bb576af
die_width_um=161
die_height_um=225.76
gds_file=gds/tt_um_jjassonn69_beamformer.gds
gds_sha256=c445c59d2b2b98329c2daf885f9cafbbd8d5a63e46c33fbf474d20e294da8aaf
lef_file=lef/tt_um_jjassonn69_beamformer.lef
lef_sha256=9df231957326895371afc1f5e903b51e7992b3b6f8c3401546fa7ef7d82eb760
magic_signoff_drc_count=0
magic_gds_writer_feedback_count=0
