submission_revision=v2-four-channel
template_repository=https://github.com/TinyTapeout/ttsky-analog-template.git
template_commit=fdd487cb8e3003b40496f0f143ff3bf650f78e48
action_repository=https://github.com/TinyTapeout/tt-gds-action.git
action_ref=ttsky26c
action_commit=30d38a7dfc6fda561d452b196fc822af0332ec23
support_tools_repository=https://github.com/TinyTapeout/tt-support-tools.git
support_tools_commit=d65690eeb1d4afd26aef795c805a23d9d9daf9d1
sky130_precheck_pdk_commit=0536d02d875c8f67dd7cca3902ac457e62f20005
magic_version=8.3.676
klayout_precheck_version=0.30.8
ngspice_version=46
sky130_primitive_model_commit=f62031a1be9aefe902d6d54cddd6f59b57627436
def_file=build/v2/tt_analog_2x2.def
def_sha256=c9bf60e875dc86e730424e7af724878977aec59586832a9b8fc937c2cd65c86f
die_width_um=334.88
die_height_um=225.76
analog_pin_count=6
uses_vapwr=false
candidate_gds_file=build/v2/control_routing/direct/v2_control_quadrature_routed.gds
candidate_gds_top=v2_control_quadrature_routed
candidate_gds_sha256=1b76aba2cf2362071e248fdeb6532e22ab6a928f1b8ce9f5c35393381aa89741
submission_gds_file=gds/tt_um_jjassonn69_beamformer.gds
submission_gds_top=tt_um_jjassonn69_beamformer
submission_gds_sha256=f9aa5cd4e26b77975625daa47a17dc7d086b132f22660ea22bc026435fbc0eaf
submission_lef_file=lef/tt_um_jjassonn69_beamformer.lef
submission_lef_sha256=8e2af16c69851e916af08d2ba211a26840798296ddeea5f4110819ab8fbad15b
info_yaml_sha256=b92508ef770775fe97f03c075b66ea8a1b5fbc1e770c2b337cb7425da1c8ac44
project_verilog_sha256=3f160a1a3a6ed43a13c1744204b70ce9c8f72ab1f38ce91e01529087521287ac
distributed_rc_netlist_sha256=61395853bd63ccab0f3732d66d8144f1980de586c7cda2534f9e7d9f446e9126
nominal_rc_summary_sha256=b55be2a5f34c800c41f32c4f645ef185fb4f3dc2e756510f403abebfb98e1515
validation_evidence_file=v2/evidence/latest_validation.json
validation_evidence_sha256=7e2bd3bebc9be136ef791248229c25864977bf87ffb75ead116e16012ded99e8
magic_signoff_drc_count=0
magic_gds_writer_feedback_count=0
official_tinytapeout_run=pending_for_current_hash
